
Microsoft Visual Studio Solution File, Format Version 12.00
# Visual Studio Version 16
VisualStudioVersion = 16.0.29230.61
MinimumVisualStudioVersion = 10.0.40219.1
Project("{FAE04EC0-301F-11D3-BF4B-00C04F79EFBC}") = "Associados", "Associados.csproj", "{B8024B38-A2D8-44AC-8081-75191D2A6D36}"
EndProject
Global
	GlobalSection(SolutionConfigurationPlatforms) = preSolution
		Debug|Any CPU = Debug|Any CPU
		Release|Any CPU = Release|Any CPU
	EndGlobalSection
	GlobalSection(ProjectConfigurationPlatforms) = postSolution
		{B8024B38-A2D8-44AC-8081-75191D2A6D36}.Debug|Any CPU.ActiveCfg = Debug|Any CPU
		{B8024B38-A2D8-44AC-8081-75191D2A6D36}.Debug|Any CPU.Build.0 = Debug|Any CPU
		{B8024B38-A2D8-44AC-8081-75191D2A6D36}.Release|Any CPU.ActiveCfg = Release|Any CPU
		{B8024B38-A2D8-44AC-8081-75191D2A6D36}.Release|Any CPU.Build.0 = Release|Any CPU
	EndGlobalSection
	GlobalSection(SolutionProperties) = preSolution
		HideSolutionNode = FALSE
	EndGlobalSection
	GlobalSection(ExtensibilityGlobals) = postSolution
		SolutionGuid = {621CDBD5-7C2D-467A-95BA-83513C48F64E}
	EndGlobalSection
EndGlobal
