
Microsoft Visual Studio Solution File, Format Version 12.00
# Visual Studio Version 16
VisualStudioVersion = 16.0.28917.182
MinimumVisualStudioVersion = 10.0.40219.1
Project("{FAE04EC0-301F-11D3-BF4B-00C04F79EFBC}") = "appRT", "appRT.csproj", "{93757CC0-351F-4ED7-812E-32CD3FE27AFF}"
EndProject
Global
	GlobalSection(SolutionConfigurationPlatforms) = preSolution
		Debug|Any CPU = Debug|Any CPU
		Release|Any CPU = Release|Any CPU
	EndGlobalSection
	GlobalSection(ProjectConfigurationPlatforms) = postSolution
		{93757CC0-351F-4ED7-812E-32CD3FE27AFF}.Debug|Any CPU.ActiveCfg = Debug|Any CPU
		{93757CC0-351F-4ED7-812E-32CD3FE27AFF}.Debug|Any CPU.Build.0 = Debug|Any CPU
		{93757CC0-351F-4ED7-812E-32CD3FE27AFF}.Release|Any CPU.ActiveCfg = Release|Any CPU
		{93757CC0-351F-4ED7-812E-32CD3FE27AFF}.Release|Any CPU.Build.0 = Release|Any CPU
	EndGlobalSection
	GlobalSection(SolutionProperties) = preSolution
		HideSolutionNode = FALSE
	EndGlobalSection
	GlobalSection(ExtensibilityGlobals) = postSolution
		SolutionGuid = {A7DF135C-B646-4B5D-B900-E4ABEB6157F1}
	EndGlobalSection
EndGlobal
